// !$*UTF8*$!
{
	archiveVersion = 1;
	classes = {
	};
	objectVersion = 46;
	objects = {

/* Begin PBXBuildFile section */
		1470D179F653DA2065AFD326 /* FifthViewController.m in Sources */ = {isa = PBXBuildFile; fileRef = 1470D81B6F1A4F320A3FE59B /* FifthViewController.m */; };
		1470D19A6DBE8740A0D1407C /* TBGestureEventManagerViewController.m in Sources */ = {isa = PBXBuildFile; fileRef = 1470D141EC0A55430122ECE5 /* TBGestureEventManagerViewController.m */; };
		1470D2F122E435B03A52D7C0 /* Aspects.m in Sources */ = {isa = PBXBuildFile; fileRef = 1470D8DD710635E99646D0BC /* Aspects.m */; };
		1470D9670C68B191C0363025 /* TBEventDisplayModel.m in Sources */ = {isa = PBXBuildFile; fileRef = 1470D1C21E93FD02E561DDDF /* TBEventDisplayModel.m */; };
		1470DB66D5709D3647860307 /* TBCellViewModel.m in Sources */ = {isa = PBXBuildFile; fileRef = 1470D5DCE58321A559AAD6FA /* TBCellViewModel.m */; };
		1470DD518042EE2E5F44E114 /* TBGestureSelectViewController.m in Sources */ = {isa = PBXBuildFile; fileRef = 1470D61F6A46CC78F094ED3A /* TBGestureSelectViewController.m */; };
		1470DE41768A9E64B817B121 /* TBDataManager.m in Sources */ = {isa = PBXBuildFile; fileRef = 1470D82D099B2E62DB12EAA4 /* TBDataManager.m */; };
		2961003F75C878C0D86D661A /* libPods.a in Frameworks */ = {isa = PBXBuildFile; fileRef = 39AB3DC487A8EBB882D3A0D3 /* libPods.a */; };
		600E051B1B735FA9001ACC90 /* MyView.m in Sources */ = {isa = PBXBuildFile; fileRef = 600E05161B735FA9001ACC90 /* MyView.m */; };
		600E051C1B735FA9001ACC90 /* MyViewModel.m in Sources */ = {isa = PBXBuildFile; fileRef = 600E05181B735FA9001ACC90 /* MyViewModel.m */; };
		600E051D1B735FA9001ACC90 /* UIGestureRecognizer+UICustomGestureRecognizer.m in Sources */ = {isa = PBXBuildFile; fileRef = 600E051A1B735FA9001ACC90 /* UIGestureRecognizer+UICustomGestureRecognizer.m */; };
		608BEC491B78676B00712359 /* TBTestTableViewCell.m in Sources */ = {isa = PBXBuildFile; fileRef = 608BEC481B78676B00712359 /* TBTestTableViewCell.m */; };
		60ECA3C01B773712005B27DF /* PostConnection.m in Sources */ = {isa = PBXBuildFile; fileRef = 60ECA3BF1B773712005B27DF /* PostConnection.m */; };
		A63F1AFB1B774E250088B299 /* GestureTemplets.json in Resources */ = {isa = PBXBuildFile; fileRef = A63F1AFA1B774E250088B299 /* GestureTemplets.json */; };
		A63F1AFE1B7754990088B299 /* NSNumber+Utils.m in Sources */ = {isa = PBXBuildFile; fileRef = A63F1AFD1B7754990088B299 /* NSNumber+Utils.m */; };
		A63F1B011B7787800088B299 /* TBAllGesturesViewController.m in Sources */ = {isa = PBXBuildFile; fileRef = A63F1B001B7787800088B299 /* TBAllGesturesViewController.m */; };
		A6744B1C1B720A2F00E222B0 /* main.m in Sources */ = {isa = PBXBuildFile; fileRef = A6744B1B1B720A2F00E222B0 /* main.m */; };
		A6744B1F1B720A2F00E222B0 /* AppDelegate.m in Sources */ = {isa = PBXBuildFile; fileRef = A6744B1E1B720A2F00E222B0 /* AppDelegate.m */; };
		A6744B221B720A2F00E222B0 /* FirstViewController.m in Sources */ = {isa = PBXBuildFile; fileRef = A6744B211B720A2F00E222B0 /* FirstViewController.m */; };
		A6744B251B720A2F00E222B0 /* SecondViewController.m in Sources */ = {isa = PBXBuildFile; fileRef = A6744B241B720A2F00E222B0 /* SecondViewController.m */; };
		A6744B281B720A2F00E222B0 /* Main.storyboard in Resources */ = {isa = PBXBuildFile; fileRef = A6744B261B720A2F00E222B0 /* Main.storyboard */; };
		A6744B2A1B720A2F00E222B0 /* Images.xcassets in Resources */ = {isa = PBXBuildFile; fileRef = A6744B291B720A2F00E222B0 /* Images.xcassets */; };
		A6744B2D1B720A2F00E222B0 /* LaunchScreen.xib in Resources */ = {isa = PBXBuildFile; fileRef = A6744B2B1B720A2F00E222B0 /* LaunchScreen.xib */; };
		A6744B391B720A2F00E222B0 /* Seals3Lab6Tests.m in Sources */ = {isa = PBXBuildFile; fileRef = A6744B381B720A2F00E222B0 /* Seals3Lab6Tests.m */; };
		A6744B441B720A5400E222B0 /* ThirdViewController.m in Sources */ = {isa = PBXBuildFile; fileRef = A6744B431B720A5400E222B0 /* ThirdViewController.m */; };
		A6744B471B720A6100E222B0 /* ForthViewController.m in Sources */ = {isa = PBXBuildFile; fileRef = A6744B461B720A6100E222B0 /* ForthViewController.m */; };
		A6744B561B7217EE00E222B0 /* TBGesture.m in Sources */ = {isa = PBXBuildFile; fileRef = A6744B551B7217EE00E222B0 /* TBGesture.m */; };
		A6744B591B7217FB00E222B0 /* TBEvent.m in Sources */ = {isa = PBXBuildFile; fileRef = A6744B581B7217FB00E222B0 /* TBEvent.m */; };
		A6744B5C1B72185B00E222B0 /* TBGestureEventMap.m in Sources */ = {isa = PBXBuildFile; fileRef = A6744B5B1B72185B00E222B0 /* TBGestureEventMap.m */; };
		A6C3D25B1B78586300E110C4 /* TBJoinGestureSimulationViewController.m in Sources */ = {isa = PBXBuildFile; fileRef = A6C3D25A1B78586300E110C4 /* TBJoinGestureSimulationViewController.m */; };
		AA4E2C2E1B783BDB0009739E /* TBTestTableViewCell.m in Sources */ = {isa = PBXBuildFile; fileRef = AA4E2C2D1B783BDB0009739E /* TBTestTableViewCell.m */; };
		AA4E2C311B7853190009739E /* TBGMath.m in Sources */ = {isa = PBXBuildFile; fileRef = AA4E2C301B7853190009739E /* TBGMath.m */; };
		AA680F591B7343AA0003F79B /* TBGestureRecognizer.m in Sources */ = {isa = PBXBuildFile; fileRef = AA680F581B7343AA0003F79B /* TBGestureRecognizer.m */; };
		AA680F5F1B7347B10003F79B /* Gestures.json in Resources */ = {isa = PBXBuildFile; fileRef = AA680F5A1B7347B10003F79B /* Gestures.json */; };
/* End PBXBuildFile section */

/* Begin PBXContainerItemProxy section */
		A6744B331B720A2F00E222B0 /* PBXContainerItemProxy */ = {
			isa = PBXContainerItemProxy;
			containerPortal = A6744B0E1B720A2E00E222B0 /* Project object */;
			proxyType = 1;
			remoteGlobalIDString = A6744B151B720A2E00E222B0;
			remoteInfo = Seals3Lab6;
		};
/* End PBXContainerItemProxy section */

/* Begin PBXFileReference section */
		1470D141EC0A55430122ECE5 /* TBGestureEventManagerViewController.m */ = {isa = PBXFileReference; fileEncoding = 4; lastKnownFileType = sourcecode.c.objc; path = TBGestureEventManagerViewController.m; sourceTree = "<group>"; };
		1470D1C21E93FD02E561DDDF /* TBEventDisplayModel.m */ = {isa = PBXFileReference; fileEncoding = 4; lastKnownFileType = sourcecode.c.objc; path = TBEventDisplayModel.m; sourceTree = "<group>"; };
		1470D2D665FF394792471C8E /* TBGestureEventManagerViewController.h */ = {isa = PBXFileReference; fileEncoding = 4; lastKnownFileType = sourcecode.c.h; path = TBGestureEventManagerViewController.h; sourceTree = "<group>"; };
		1470D3127A457923FF1958B3 /* MacroUtils.h */ = {isa = PBXFileReference; fileEncoding = 4; lastKnownFileType = sourcecode.c.h; path = MacroUtils.h; sourceTree = "<group>"; };
		1470D5DCE58321A559AAD6FA /* TBCellViewModel.m */ = {isa = PBXFileReference; fileEncoding = 4; lastKnownFileType = sourcecode.c.objc; path = TBCellViewModel.m; sourceTree = "<group>"; };
		1470D61F6A46CC78F094ED3A /* TBGestureSelectViewController.m */ = {isa = PBXFileReference; fileEncoding = 4; lastKnownFileType = sourcecode.c.objc; path = TBGestureSelectViewController.m; sourceTree = "<group>"; };
		1470D6AE6C53ED899435DCBF /* FifthViewController.h */ = {isa = PBXFileReference; fileEncoding = 4; lastKnownFileType = sourcecode.c.h; path = FifthViewController.h; sourceTree = "<group>"; };
		1470D7A353C47CE07842E007 /* Aspects.h */ = {isa = PBXFileReference; fileEncoding = 4; lastKnownFileType = sourcecode.c.h; path = Aspects.h; sourceTree = "<group>"; };
		1470D7B6817F32E80F322A9A /* TBDataManager.h */ = {isa = PBXFileReference; fileEncoding = 4; lastKnownFileType = sourcecode.c.h; path = TBDataManager.h; sourceTree = "<group>"; };
		1470D81B6F1A4F320A3FE59B /* FifthViewController.m */ = {isa = PBXFileReference; fileEncoding = 4; lastKnownFileType = sourcecode.c.objc; path = FifthViewController.m; sourceTree = "<group>"; };
		1470D82D099B2E62DB12EAA4 /* TBDataManager.m */ = {isa = PBXFileReference; fileEncoding = 4; lastKnownFileType = sourcecode.c.objc; path = TBDataManager.m; sourceTree = "<group>"; };
		1470D8DD710635E99646D0BC /* Aspects.m */ = {isa = PBXFileReference; fileEncoding = 4; lastKnownFileType = sourcecode.c.objc; path = Aspects.m; sourceTree = "<group>"; };
		1470DB3F646B89FF70EBFBAF /* TBEventDisplayModel.h */ = {isa = PBXFileReference; fileEncoding = 4; lastKnownFileType = sourcecode.c.h; path = TBEventDisplayModel.h; sourceTree = "<group>"; };
		1470DF786FD194FC630FF264 /* TBCellViewModel.h */ = {isa = PBXFileReference; fileEncoding = 4; lastKnownFileType = sourcecode.c.h; path = TBCellViewModel.h; sourceTree = "<group>"; };
		1470DF8A18D373906E767817 /* TBGestureSelectViewController.h */ = {isa = PBXFileReference; fileEncoding = 4; lastKnownFileType = sourcecode.c.h; path = TBGestureSelectViewController.h; sourceTree = "<group>"; };
		39AB3DC487A8EBB882D3A0D3 /* libPods.a */ = {isa = PBXFileReference; explicitFileType = archive.ar; includeInIndex = 0; path = libPods.a; sourceTree = BUILT_PRODUCTS_DIR; };
		600E05151B735FA9001ACC90 /* MyView.h */ = {isa = PBXFileReference; fileEncoding = 4; lastKnownFileType = sourcecode.c.h; path = MyView.h; sourceTree = "<group>"; };
		600E05161B735FA9001ACC90 /* MyView.m */ = {isa = PBXFileReference; fileEncoding = 4; lastKnownFileType = sourcecode.c.objc; path = MyView.m; sourceTree = "<group>"; };
		600E05171B735FA9001ACC90 /* MyViewModel.h */ = {isa = PBXFileReference; fileEncoding = 4; lastKnownFileType = sourcecode.c.h; path = MyViewModel.h; sourceTree = "<group>"; };
		600E05181B735FA9001ACC90 /* MyViewModel.m */ = {isa = PBXFileReference; fileEncoding = 4; lastKnownFileType = sourcecode.c.objc; path = MyViewModel.m; sourceTree = "<group>"; };
		600E05191B735FA9001ACC90 /* UIGestureRecognizer+UICustomGestureRecognizer.h */ = {isa = PBXFileReference; fileEncoding = 4; lastKnownFileType = sourcecode.c.h; path = "UIGestureRecognizer+UICustomGestureRecognizer.h"; sourceTree = "<group>"; };
		600E051A1B735FA9001ACC90 /* UIGestureRecognizer+UICustomGestureRecognizer.m */ = {isa = PBXFileReference; fileEncoding = 4; lastKnownFileType = sourcecode.c.objc; path = "UIGestureRecognizer+UICustomGestureRecognizer.m"; sourceTree = "<group>"; };
		608BEC471B78676B00712359 /* TBTestTableViewCell.h */ = {isa = PBXFileReference; fileEncoding = 4; lastKnownFileType = sourcecode.c.h; path = TBTestTableViewCell.h; sourceTree = "<group>"; };
		608BEC481B78676B00712359 /* TBTestTableViewCell.m */ = {isa = PBXFileReference; fileEncoding = 4; lastKnownFileType = sourcecode.c.objc; path = TBTestTableViewCell.m; sourceTree = "<group>"; };
		60ECA3BF1B773712005B27DF /* PostConnection.m */ = {isa = PBXFileReference; fileEncoding = 4; lastKnownFileType = sourcecode.c.objc; path = PostConnection.m; sourceTree = "<group>"; };
		60ECA3C11B773721005B27DF /* PostConnection.h */ = {isa = PBXFileReference; lastKnownFileType = sourcecode.c.h; path = PostConnection.h; sourceTree = "<group>"; };
		A63F1AFA1B774E250088B299 /* GestureTemplets.json */ = {isa = PBXFileReference; fileEncoding = 4; lastKnownFileType = text.json; path = GestureTemplets.json; sourceTree = "<group>"; };
		A63F1AFC1B7754990088B299 /* NSNumber+Utils.h */ = {isa = PBXFileReference; fileEncoding = 4; lastKnownFileType = sourcecode.c.h; path = "NSNumber+Utils.h"; sourceTree = "<group>"; };
		A63F1AFD1B7754990088B299 /* NSNumber+Utils.m */ = {isa = PBXFileReference; fileEncoding = 4; lastKnownFileType = sourcecode.c.objc; path = "NSNumber+Utils.m"; sourceTree = "<group>"; };
		A63F1AFF1B7787800088B299 /* TBAllGesturesViewController.h */ = {isa = PBXFileReference; fileEncoding = 4; lastKnownFileType = sourcecode.c.h; path = TBAllGesturesViewController.h; sourceTree = "<group>"; };
		A63F1B001B7787800088B299 /* TBAllGesturesViewController.m */ = {isa = PBXFileReference; fileEncoding = 4; lastKnownFileType = sourcecode.c.objc; path = TBAllGesturesViewController.m; sourceTree = "<group>"; };
		A63F1B071B778B520088B299 /* RACEXTScope.h */ = {isa = PBXFileReference; lastKnownFileType = sourcecode.c.h; path = RACEXTScope.h; sourceTree = "<group>"; };
		A63F1B081B778B520088B299 /* RACmetamacros.h */ = {isa = PBXFileReference; lastKnownFileType = sourcecode.c.h; path = RACmetamacros.h; sourceTree = "<group>"; };
		A6744B161B720A2F00E222B0 /* Seals3Lab6.app */ = {isa = PBXFileReference; explicitFileType = wrapper.application; includeInIndex = 0; path = Seals3Lab6.app; sourceTree = BUILT_PRODUCTS_DIR; };
		A6744B1A1B720A2F00E222B0 /* Info.plist */ = {isa = PBXFileReference; lastKnownFileType = text.plist.xml; path = Info.plist; sourceTree = "<group>"; };
		A6744B1B1B720A2F00E222B0 /* main.m */ = {isa = PBXFileReference; lastKnownFileType = sourcecode.c.objc; path = main.m; sourceTree = "<group>"; };
		A6744B1D1B720A2F00E222B0 /* AppDelegate.h */ = {isa = PBXFileReference; lastKnownFileType = sourcecode.c.h; path = AppDelegate.h; sourceTree = "<group>"; };
		A6744B1E1B720A2F00E222B0 /* AppDelegate.m */ = {isa = PBXFileReference; lastKnownFileType = sourcecode.c.objc; path = AppDelegate.m; sourceTree = "<group>"; };
		A6744B201B720A2F00E222B0 /* FirstViewController.h */ = {isa = PBXFileReference; lastKnownFileType = sourcecode.c.h; path = FirstViewController.h; sourceTree = "<group>"; };
		A6744B211B720A2F00E222B0 /* FirstViewController.m */ = {isa = PBXFileReference; lastKnownFileType = sourcecode.c.objc; path = FirstViewController.m; sourceTree = "<group>"; };
		A6744B231B720A2F00E222B0 /* SecondViewController.h */ = {isa = PBXFileReference; lastKnownFileType = sourcecode.c.h; path = SecondViewController.h; sourceTree = "<group>"; };
		A6744B241B720A2F00E222B0 /* SecondViewController.m */ = {isa = PBXFileReference; lastKnownFileType = sourcecode.c.objc; path = SecondViewController.m; sourceTree = "<group>"; };
		A6744B271B720A2F00E222B0 /* Base */ = {isa = PBXFileReference; lastKnownFileType = file.storyboard; name = Base; path = Base.lproj/Main.storyboard; sourceTree = "<group>"; };
		A6744B291B720A2F00E222B0 /* Images.xcassets */ = {isa = PBXFileReference; lastKnownFileType = folder.assetcatalog; path = Images.xcassets; sourceTree = "<group>"; };
		A6744B2C1B720A2F00E222B0 /* Base */ = {isa = PBXFileReference; lastKnownFileType = file.xib; name = Base; path = Base.lproj/LaunchScreen.xib; sourceTree = "<group>"; };
		A6744B321B720A2F00E222B0 /* Seals3Lab6Tests.xctest */ = {isa = PBXFileReference; explicitFileType = wrapper.cfbundle; includeInIndex = 0; path = Seals3Lab6Tests.xctest; sourceTree = BUILT_PRODUCTS_DIR; };
		A6744B371B720A2F00E222B0 /* Info.plist */ = {isa = PBXFileReference; lastKnownFileType = text.plist.xml; path = Info.plist; sourceTree = "<group>"; };
		A6744B381B720A2F00E222B0 /* Seals3Lab6Tests.m */ = {isa = PBXFileReference; lastKnownFileType = sourcecode.c.objc; path = Seals3Lab6Tests.m; sourceTree = "<group>"; };
		A6744B421B720A5400E222B0 /* ThirdViewController.h */ = {isa = PBXFileReference; fileEncoding = 4; lastKnownFileType = sourcecode.c.h; path = ThirdViewController.h; sourceTree = "<group>"; };
		A6744B431B720A5400E222B0 /* ThirdViewController.m */ = {isa = PBXFileReference; fileEncoding = 4; lastKnownFileType = sourcecode.c.objc; path = ThirdViewController.m; sourceTree = "<group>"; };
		A6744B451B720A6100E222B0 /* ForthViewController.h */ = {isa = PBXFileReference; fileEncoding = 4; lastKnownFileType = sourcecode.c.h; path = ForthViewController.h; sourceTree = "<group>"; };
		A6744B461B720A6100E222B0 /* ForthViewController.m */ = {isa = PBXFileReference; fileEncoding = 4; lastKnownFileType = sourcecode.c.objc; path = ForthViewController.m; sourceTree = "<group>"; };
		A6744B541B7217EE00E222B0 /* TBGesture.h */ = {isa = PBXFileReference; fileEncoding = 4; lastKnownFileType = sourcecode.c.h; path = TBGesture.h; sourceTree = "<group>"; };
		A6744B551B7217EE00E222B0 /* TBGesture.m */ = {isa = PBXFileReference; fileEncoding = 4; lastKnownFileType = sourcecode.c.objc; path = TBGesture.m; sourceTree = "<group>"; };
		A6744B571B7217FB00E222B0 /* TBEvent.h */ = {isa = PBXFileReference; fileEncoding = 4; lastKnownFileType = sourcecode.c.h; path = TBEvent.h; sourceTree = "<group>"; };
		A6744B581B7217FB00E222B0 /* TBEvent.m */ = {isa = PBXFileReference; fileEncoding = 4; lastKnownFileType = sourcecode.c.objc; path = TBEvent.m; sourceTree = "<group>"; };
		A6744B5A1B72185B00E222B0 /* TBGestureEventMap.h */ = {isa = PBXFileReference; fileEncoding = 4; lastKnownFileType = sourcecode.c.h; path = TBGestureEventMap.h; sourceTree = "<group>"; };
		A6744B5B1B72185B00E222B0 /* TBGestureEventMap.m */ = {isa = PBXFileReference; fileEncoding = 4; lastKnownFileType = sourcecode.c.objc; path = TBGestureEventMap.m; sourceTree = "<group>"; };
		A6C3D2591B78586300E110C4 /* TBJoinGestureSimulationViewController.h */ = {isa = PBXFileReference; fileEncoding = 4; lastKnownFileType = sourcecode.c.h; path = TBJoinGestureSimulationViewController.h; sourceTree = "<group>"; };
		A6C3D25A1B78586300E110C4 /* TBJoinGestureSimulationViewController.m */ = {isa = PBXFileReference; fileEncoding = 4; lastKnownFileType = sourcecode.c.objc; path = TBJoinGestureSimulationViewController.m; sourceTree = "<group>"; };
		AA4E2C2C1B783BDB0009739E /* TBTestTableViewCell.h */ = {isa = PBXFileReference; fileEncoding = 4; lastKnownFileType = sourcecode.c.h; path = TBTestTableViewCell.h; sourceTree = "<group>"; };
		AA4E2C2D1B783BDB0009739E /* TBTestTableViewCell.m */ = {isa = PBXFileReference; fileEncoding = 4; lastKnownFileType = sourcecode.c.objc; path = TBTestTableViewCell.m; sourceTree = "<group>"; };
		AA4E2C2F1B7853190009739E /* TBGMath.h */ = {isa = PBXFileReference; fileEncoding = 4; lastKnownFileType = sourcecode.c.h; path = TBGMath.h; sourceTree = "<group>"; };
		AA4E2C301B7853190009739E /* TBGMath.m */ = {isa = PBXFileReference; fileEncoding = 4; lastKnownFileType = sourcecode.c.objc; path = TBGMath.m; sourceTree = "<group>"; };
		AA680F571B7343AA0003F79B /* TBGestureRecognizer.h */ = {isa = PBXFileReference; fileEncoding = 4; lastKnownFileType = sourcecode.c.h; path = TBGestureRecognizer.h; sourceTree = "<group>"; };
		AA680F581B7343AA0003F79B /* TBGestureRecognizer.m */ = {isa = PBXFileReference; fileEncoding = 4; lastKnownFileType = sourcecode.c.objc; path = TBGestureRecognizer.m; sourceTree = "<group>"; };
		AA680F5A1B7347B10003F79B /* Gestures.json */ = {isa = PBXFileReference; fileEncoding = 4; lastKnownFileType = text.json; path = Gestures.json; sourceTree = "<group>"; };
		D827A10AAFE6857D3FD7E216 /* Pods.release.xcconfig */ = {isa = PBXFileReference; includeInIndex = 1; lastKnownFileType = text.xcconfig; name = Pods.release.xcconfig; path = "Pods/Target Support Files/Pods/Pods.release.xcconfig"; sourceTree = "<group>"; };
		E11B0E56EDA10B479657BC11 /* Pods.debug.xcconfig */ = {isa = PBXFileReference; includeInIndex = 1; lastKnownFileType = text.xcconfig; name = Pods.debug.xcconfig; path = "Pods/Target Support Files/Pods/Pods.debug.xcconfig"; sourceTree = "<group>"; };
/* End PBXFileReference section */

/* Begin PBXFrameworksBuildPhase section */
		A6744B131B720A2E00E222B0 /* Frameworks */ = {
			isa = PBXFrameworksBuildPhase;
			buildActionMask = 2147483647;
			files = (
				2961003F75C878C0D86D661A /* libPods.a in Frameworks */,
			);
			runOnlyForDeploymentPostprocessing = 0;
		};
		A6744B2F1B720A2F00E222B0 /* Frameworks */ = {
			isa = PBXFrameworksBuildPhase;
			buildActionMask = 2147483647;
			files = (
			);
			runOnlyForDeploymentPostprocessing = 0;
		};
/* End PBXFrameworksBuildPhase section */

/* Begin PBXGroup section */
		0C79E93D22DA6071C28761CC /* Frameworks */ = {
			isa = PBXGroup;
			children = (
				39AB3DC487A8EBB882D3A0D3 /* libPods.a */,
			);
			name = Frameworks;
			sourceTree = "<group>";
		};
		600E051F1B735FC5001ACC90 /* CGSDK */ = {
			isa = PBXGroup;
			children = (
				600E05151B735FA9001ACC90 /* MyView.h */,
				600E05161B735FA9001ACC90 /* MyView.m */,
				600E05171B735FA9001ACC90 /* MyViewModel.h */,
				600E05181B735FA9001ACC90 /* MyViewModel.m */,
				600E05191B735FA9001ACC90 /* UIGestureRecognizer+UICustomGestureRecognizer.h */,
				600E051A1B735FA9001ACC90 /* UIGestureRecognizer+UICustomGestureRecognizer.m */,
				60ECA3BF1B773712005B27DF /* PostConnection.m */,
				60ECA3C11B773721005B27DF /* PostConnection.h */,
			);
			name = CGSDK;
			sourceTree = "<group>";
		};
		8CE9BAED14EA71DB4423A2F5 /* Pods */ = {
			isa = PBXGroup;
			children = (
				E11B0E56EDA10B479657BC11 /* Pods.debug.xcconfig */,
				D827A10AAFE6857D3FD7E216 /* Pods.release.xcconfig */,
			);
			name = Pods;
			sourceTree = "<group>";
		};
		A63F1B021B7787920088B299 /* AOP */ = {
			isa = PBXGroup;
			children = (
				1470D8DD710635E99646D0BC /* Aspects.m */,
				1470D7A353C47CE07842E007 /* Aspects.h */,
			);
			name = AOP;
			sourceTree = "<group>";
		};
		A63F1B031B77879F0088B299 /* Utils */ = {
			isa = PBXGroup;
			children = (
				A63F1B071B778B520088B299 /* RACEXTScope.h */,
				A63F1B081B778B520088B299 /* RACmetamacros.h */,
				A63F1AFC1B7754990088B299 /* NSNumber+Utils.h */,
				A63F1AFD1B7754990088B299 /* NSNumber+Utils.m */,
				1470D3127A457923FF1958B3 /* MacroUtils.h */,
			);
			name = Utils;
			sourceTree = "<group>";
		};
		A63F1B041B7787B20088B299 /* Base DO */ = {
			isa = PBXGroup;
			children = (
				A6744B541B7217EE00E222B0 /* TBGesture.h */,
				A6744B551B7217EE00E222B0 /* TBGesture.m */,
				A6744B571B7217FB00E222B0 /* TBEvent.h */,
				A6744B581B7217FB00E222B0 /* TBEvent.m */,
				A6744B5A1B72185B00E222B0 /* TBGestureEventMap.h */,
				A6744B5B1B72185B00E222B0 /* TBGestureEventMap.m */,
			);
			name = "Base DO";
			sourceTree = "<group>";
		};
		A63F1B051B7787CA0088B299 /* DataManager */ = {
			isa = PBXGroup;
			children = (
				1470D7B6817F32E80F322A9A /* TBDataManager.h */,
				1470D82D099B2E62DB12EAA4 /* TBDataManager.m */,
			);
			name = DataManager;
			sourceTree = "<group>";
		};
		A63F1B061B7787E20088B299 /* ViewController */ = {
			isa = PBXGroup;
			children = (
				1470D141EC0A55430122ECE5 /* TBGestureEventManagerViewController.m */,
				1470D2D665FF394792471C8E /* TBGestureEventManagerViewController.h */,
				1470D61F6A46CC78F094ED3A /* TBGestureSelectViewController.m */,
				1470DF8A18D373906E767817 /* TBGestureSelectViewController.h */,
				A63F1AFF1B7787800088B299 /* TBAllGesturesViewController.h */,
				A63F1B001B7787800088B299 /* TBAllGesturesViewController.m */,
				A6C3D25C1B785E1100E110C4 /* 模拟接入 */,
				1470D6AE6C53ED899435DCBF /* FifthViewController.h */,
				1470D81B6F1A4F320A3FE59B /* FifthViewController.m */,
				1470D5DCE58321A559AAD6FA /* TBCellViewModel.m */,
				1470DF786FD194FC630FF264 /* TBCellViewModel.h */,
			);
			name = ViewController;
			sourceTree = "<group>";
		};
		A6744B0D1B720A2E00E222B0 = {
			isa = PBXGroup;
			children = (
				A6744B181B720A2F00E222B0 /* Seals3Lab6 */,
				A6744B351B720A2F00E222B0 /* Seals3Lab6Tests */,
				A6744B171B720A2F00E222B0 /* Products */,
				8CE9BAED14EA71DB4423A2F5 /* Pods */,
				0C79E93D22DA6071C28761CC /* Frameworks */,
			);
			sourceTree = "<group>";
		};
		A6744B171B720A2F00E222B0 /* Products */ = {
			isa = PBXGroup;
			children = (
				A6744B161B720A2F00E222B0 /* Seals3Lab6.app */,
				A6744B321B720A2F00E222B0 /* Seals3Lab6Tests.xctest */,
			);
			name = Products;
			sourceTree = "<group>";
		};
		A6744B181B720A2F00E222B0 /* Seals3Lab6 */ = {
			isa = PBXGroup;
			children = (
				A6744B1D1B720A2F00E222B0 /* AppDelegate.h */,
				A6744B1E1B720A2F00E222B0 /* AppDelegate.m */,
				A6744B4E1B720DFC00E222B0 /* Basic */,
				A6744B291B720A2F00E222B0 /* Images.xcassets */,
				A6744B2B1B720A2F00E222B0 /* LaunchScreen.xib */,
				A6744B191B720A2F00E222B0 /* Supporting Files */,
			);
			path = Seals3Lab6;
			sourceTree = "<group>";
		};
		A6744B191B720A2F00E222B0 /* Supporting Files */ = {
			isa = PBXGroup;
			children = (
				A6744B1A1B720A2F00E222B0 /* Info.plist */,
				A6744B1B1B720A2F00E222B0 /* main.m */,
			);
			name = "Supporting Files";
			sourceTree = "<group>";
		};
		A6744B351B720A2F00E222B0 /* Seals3Lab6Tests */ = {
			isa = PBXGroup;
			children = (
				A6744B381B720A2F00E222B0 /* Seals3Lab6Tests.m */,
				A6744B361B720A2F00E222B0 /* Supporting Files */,
			);
			path = Seals3Lab6Tests;
			sourceTree = "<group>";
		};
		A6744B361B720A2F00E222B0 /* Supporting Files */ = {
			isa = PBXGroup;
			children = (
				A6744B371B720A2F00E222B0 /* Info.plist */,
			);
			name = "Supporting Files";
			sourceTree = "<group>";
		};
		A6744B4E1B720DFC00E222B0 /* Basic */ = {
			isa = PBXGroup;
			children = (
				A6744B4F1B7216F500E222B0 /* 蒙箫 */,
				A6744B501B72170100E222B0 /* 竹阳 */,
				A6744B511B72171300E222B0 /* 决仕 */,
				A6744B521B72171900E222B0 /* 言杰 */,
				A6744B531B72172400E222B0 /* 疯隐 */,
				A6744B261B720A2F00E222B0 /* Main.storyboard */,
			);
			name = Basic;
			sourceTree = "<group>";
		};
		A6744B4F1B7216F500E222B0 /* 蒙箫 */ = {
			isa = PBXGroup;
			children = (
				AA680F5A1B7347B10003F79B /* Gestures.json */,
				AA680F571B7343AA0003F79B /* TBGestureRecognizer.h */,
				AA680F581B7343AA0003F79B /* TBGestureRecognizer.m */,
				A6744B201B720A2F00E222B0 /* FirstViewController.h */,
				A6744B211B720A2F00E222B0 /* FirstViewController.m */,
				AA4E2C2F1B7853190009739E /* TBGMath.h */,
				AA4E2C301B7853190009739E /* TBGMath.m */,
			);
			name = "蒙箫";
			sourceTree = "<group>";
		};
		A6744B501B72170100E222B0 /* 竹阳 */ = {
			isa = PBXGroup;
			children = (
				A6744B231B720A2F00E222B0 /* SecondViewController.h */,
				A6744B241B720A2F00E222B0 /* SecondViewController.m */,
			);
			name = "竹阳";
			sourceTree = "<group>";
		};
		A6744B511B72171300E222B0 /* 决仕 */ = {
			isa = PBXGroup;
			children = (
				600E051F1B735FC5001ACC90 /* CGSDK */,
				A6744B421B720A5400E222B0 /* ThirdViewController.h */,
				A6744B431B720A5400E222B0 /* ThirdViewController.m */,
			);
			name = "决仕";
			sourceTree = "<group>";
		};
		A6744B521B72171900E222B0 /* 言杰 */ = {
			isa = PBXGroup;
			children = (
				608BEC471B78676B00712359 /* TBTestTableViewCell.h */,
				608BEC481B78676B00712359 /* TBTestTableViewCell.m */,
				A6744B451B720A6100E222B0 /* ForthViewController.h */,
				A6744B461B720A6100E222B0 /* ForthViewController.m */,
			);
			name = "言杰";
			sourceTree = "<group>";
		};
		A6744B531B72172400E222B0 /* 疯隐 */ = {
			isa = PBXGroup;
			children = (
				A63F1AFA1B774E250088B299 /* GestureTemplets.json */,
				A63F1B021B7787920088B299 /* AOP */,
				A63F1B041B7787B20088B299 /* Base DO */,
				A63F1B051B7787CA0088B299 /* DataManager */,
				A63F1B031B77879F0088B299 /* Utils */,
				A63F1B061B7787E20088B299 /* ViewController */,
				1470D1C21E93FD02E561DDDF /* TBEventDisplayModel.m */,
				1470DB3F646B89FF70EBFBAF /* TBEventDisplayModel.h */,
			);
			name = "疯隐";
			sourceTree = "<group>";
		};
		A6C3D25C1B785E1100E110C4 /* 模拟接入 */ = {
			isa = PBXGroup;
			children = (
				A6C3D2591B78586300E110C4 /* TBJoinGestureSimulationViewController.h */,
				A6C3D25A1B78586300E110C4 /* TBJoinGestureSimulationViewController.m */,
			);
			name = "模拟接入";
			sourceTree = "<group>";
		};
/* End PBXGroup section */

/* Begin PBXNativeTarget section */
		A6744B151B720A2E00E222B0 /* Seals3Lab6 */ = {
			isa = PBXNativeTarget;
			buildConfigurationList = A6744B3C1B720A2F00E222B0 /* Build configuration list for PBXNativeTarget "Seals3Lab6" */;
			buildPhases = (
				A8BDE502FC0DB455F634697D /* Check Pods Manifest.lock */,
				A6744B121B720A2E00E222B0 /* Sources */,
				A6744B131B720A2E00E222B0 /* Frameworks */,
				A6744B141B720A2E00E222B0 /* Resources */,
				7535C3574BB9150DDA93F8BF /* Copy Pods Resources */,
			);
			buildRules = (
			);
			dependencies = (
			);
			name = Seals3Lab6;
			productName = Seals3Lab6;
			productReference = A6744B161B720A2F00E222B0 /* Seals3Lab6.app */;
			productType = "com.apple.product-type.application";
		};
		A6744B311B720A2F00E222B0 /* Seals3Lab6Tests */ = {
			isa = PBXNativeTarget;
			buildConfigurationList = A6744B3F1B720A2F00E222B0 /* Build configuration list for PBXNativeTarget "Seals3Lab6Tests" */;
			buildPhases = (
				A6744B2E1B720A2F00E222B0 /* Sources */,
				A6744B2F1B720A2F00E222B0 /* Frameworks */,
				A6744B301B720A2F00E222B0 /* Resources */,
			);
			buildRules = (
			);
			dependencies = (
				A6744B341B720A2F00E222B0 /* PBXTargetDependency */,
			);
			name = Seals3Lab6Tests;
			productName = Seals3Lab6Tests;
			productReference = A6744B321B720A2F00E222B0 /* Seals3Lab6Tests.xctest */;
			productType = "com.apple.product-type.bundle.unit-test";
		};
/* End PBXNativeTarget section */

/* Begin PBXProject section */
		A6744B0E1B720A2E00E222B0 /* Project object */ = {
			isa = PBXProject;
			attributes = {
				LastUpgradeCheck = 0640;
				ORGANIZATIONNAME = "Veight Zhou";
				TargetAttributes = {
					A6744B151B720A2E00E222B0 = {
						CreatedOnToolsVersion = 6.4;
						DevelopmentTeam = 87MLRWWWW6;
					};
					A6744B311B720A2F00E222B0 = {
						CreatedOnToolsVersion = 6.4;
						TestTargetID = A6744B151B720A2E00E222B0;
					};
				};
			};
			buildConfigurationList = A6744B111B720A2E00E222B0 /* Build configuration list for PBXProject "Seals3Lab6" */;
			compatibilityVersion = "Xcode 3.2";
			developmentRegion = English;
			hasScannedForEncodings = 0;
			knownRegions = (
				en,
				Base,
			);
			mainGroup = A6744B0D1B720A2E00E222B0;
			productRefGroup = A6744B171B720A2F00E222B0 /* Products */;
			projectDirPath = "";
			projectRoot = "";
			targets = (
				A6744B151B720A2E00E222B0 /* Seals3Lab6 */,
				A6744B311B720A2F00E222B0 /* Seals3Lab6Tests */,
			);
		};
/* End PBXProject section */

/* Begin PBXResourcesBuildPhase section */
		A6744B141B720A2E00E222B0 /* Resources */ = {
			isa = PBXResourcesBuildPhase;
			buildActionMask = 2147483647;
			files = (
				A6744B281B720A2F00E222B0 /* Main.storyboard in Resources */,
				A6744B2D1B720A2F00E222B0 /* LaunchScreen.xib in Resources */,
				A6744B2A1B720A2F00E222B0 /* Images.xcassets in Resources */,
				AA680F5F1B7347B10003F79B /* Gestures.json in Resources */,
				A63F1AFB1B774E250088B299 /* GestureTemplets.json in Resources */,
			);
			runOnlyForDeploymentPostprocessing = 0;
		};
		A6744B301B720A2F00E222B0 /* Resources */ = {
			isa = PBXResourcesBuildPhase;
			buildActionMask = 2147483647;
			files = (
			);
			runOnlyForDeploymentPostprocessing = 0;
		};
/* End PBXResourcesBuildPhase section */

/* Begin PBXShellScriptBuildPhase section */
		7535C3574BB9150DDA93F8BF /* Copy Pods Resources */ = {
			isa = PBXShellScriptBuildPhase;
			buildActionMask = 2147483647;
			files = (
			);
			inputPaths = (
			);
			name = "Copy Pods Resources";
			outputPaths = (
			);
			runOnlyForDeploymentPostprocessing = 0;
			shellPath = /bin/sh;
			shellScript = "\"${SRCROOT}/Pods/Target Support Files/Pods/Pods-resources.sh\"\n";
			showEnvVarsInLog = 0;
		};
		A8BDE502FC0DB455F634697D /* Check Pods Manifest.lock */ = {
			isa = PBXShellScriptBuildPhase;
			buildActionMask = 2147483647;
			files = (
			);
			inputPaths = (
			);
			name = "Check Pods Manifest.lock";
			outputPaths = (
			);
			runOnlyForDeploymentPostprocessing = 0;
			shellPath = /bin/sh;
			shellScript = "diff \"${PODS_ROOT}/../Podfile.lock\" \"${PODS_ROOT}/Manifest.lock\" > /dev/null\nif [[ $? != 0 ]] ; then\n    cat << EOM\nerror: The sandbox is not in sync with the Podfile.lock. Run 'pod install' or update your CocoaPods installation.\nEOM\n    exit 1\nfi\n";
			showEnvVarsInLog = 0;
		};
/* End PBXShellScriptBuildPhase section */

/* Begin PBXSourcesBuildPhase section */
		A6744B121B720A2E00E222B0 /* Sources */ = {
			isa = PBXSourcesBuildPhase;
			buildActionMask = 2147483647;
			files = (
				A6744B251B720A2F00E222B0 /* SecondViewController.m in Sources */,
				A6744B441B720A5400E222B0 /* ThirdViewController.m in Sources */,
				A6744B471B720A6100E222B0 /* ForthViewController.m in Sources */,
				60ECA3C01B773712005B27DF /* PostConnection.m in Sources */,
				A6744B561B7217EE00E222B0 /* TBGesture.m in Sources */,
				A6744B591B7217FB00E222B0 /* TBEvent.m in Sources */,
				A6C3D25B1B78586300E110C4 /* TBJoinGestureSimulationViewController.m in Sources */,
				A63F1AFE1B7754990088B299 /* NSNumber+Utils.m in Sources */,
				A6744B5C1B72185B00E222B0 /* TBGestureEventMap.m in Sources */,
				A6744B1F1B720A2F00E222B0 /* AppDelegate.m in Sources */,
				608BEC491B78676B00712359 /* TBTestTableViewCell.m in Sources */,
				600E051B1B735FA9001ACC90 /* MyView.m in Sources */,
				600E051C1B735FA9001ACC90 /* MyViewModel.m in Sources */,
				A6744B221B720A2F00E222B0 /* FirstViewController.m in Sources */,
				AA680F591B7343AA0003F79B /* TBGestureRecognizer.m in Sources */,
				A6744B1C1B720A2F00E222B0 /* main.m in Sources */,
				1470D9670C68B191C0363025 /* TBEventDisplayModel.m in Sources */,
				1470D2F122E435B03A52D7C0 /* Aspects.m in Sources */,
				A63F1B011B7787800088B299 /* TBAllGesturesViewController.m in Sources */,
				600E051D1B735FA9001ACC90 /* UIGestureRecognizer+UICustomGestureRecognizer.m in Sources */,
				1470D19A6DBE8740A0D1407C /* TBGestureEventManagerViewController.m in Sources */,
				AA4E2C311B7853190009739E /* TBGMath.m in Sources */,
				1470DD518042EE2E5F44E114 /* TBGestureSelectViewController.m in Sources */,
				1470DE41768A9E64B817B121 /* TBDataManager.m in Sources */,
				1470D179F653DA2065AFD326 /* FifthViewController.m in Sources */,
				1470DB66D5709D3647860307 /* TBCellViewModel.m in Sources */,
			);
			runOnlyForDeploymentPostprocessing = 0;
		};
		A6744B2E1B720A2F00E222B0 /* Sources */ = {
			isa = PBXSourcesBuildPhase;
			buildActionMask = 2147483647;
			files = (
				A6744B391B720A2F00E222B0 /* Seals3Lab6Tests.m in Sources */,
			);
			runOnlyForDeploymentPostprocessing = 0;
		};
/* End PBXSourcesBuildPhase section */

/* Begin PBXTargetDependency section */
		A6744B341B720A2F00E222B0 /* PBXTargetDependency */ = {
			isa = PBXTargetDependency;
			target = A6744B151B720A2E00E222B0 /* Seals3Lab6 */;
			targetProxy = A6744B331B720A2F00E222B0 /* PBXContainerItemProxy */;
		};
/* End PBXTargetDependency section */

/* Begin PBXVariantGroup section */
		A6744B261B720A2F00E222B0 /* Main.storyboard */ = {
			isa = PBXVariantGroup;
			children = (
				A6744B271B720A2F00E222B0 /* Base */,
			);
			name = Main.storyboard;
			sourceTree = "<group>";
		};
		A6744B2B1B720A2F00E222B0 /* LaunchScreen.xib */ = {
			isa = PBXVariantGroup;
			children = (
				A6744B2C1B720A2F00E222B0 /* Base */,
			);
			name = LaunchScreen.xib;
			sourceTree = "<group>";
		};
/* End PBXVariantGroup section */

/* Begin XCBuildConfiguration section */
		A6744B3A1B720A2F00E222B0 /* Debug */ = {
			isa = XCBuildConfiguration;
			buildSettings = {
				ALWAYS_SEARCH_USER_PATHS = NO;
				CLANG_CXX_LANGUAGE_STANDARD = "gnu++0x";
				CLANG_CXX_LIBRARY = "libc++";
				CLANG_ENABLE_MODULES = YES;
				CLANG_ENABLE_OBJC_ARC = YES;
				CLANG_WARN_BOOL_CONVERSION = YES;
				CLANG_WARN_CONSTANT_CONVERSION = YES;
				CLANG_WARN_DIRECT_OBJC_ISA_USAGE = YES_ERROR;
				CLANG_WARN_EMPTY_BODY = YES;
				CLANG_WARN_ENUM_CONVERSION = YES;
				CLANG_WARN_INT_CONVERSION = YES;
				CLANG_WARN_OBJC_ROOT_CLASS = YES_ERROR;
				CLANG_WARN_UNREACHABLE_CODE = YES;
				CLANG_WARN__DUPLICATE_METHOD_MATCH = YES;
				"CODE_SIGN_IDENTITY[sdk=iphoneos*]" = "iPhone Developer";
				COPY_PHASE_STRIP = NO;
				DEBUG_INFORMATION_FORMAT = "dwarf-with-dsym";
				ENABLE_STRICT_OBJC_MSGSEND = YES;
				GCC_C_LANGUAGE_STANDARD = gnu99;
				GCC_DYNAMIC_NO_PIC = NO;
				GCC_NO_COMMON_BLOCKS = YES;
				GCC_OPTIMIZATION_LEVEL = 0;
				GCC_PREPROCESSOR_DEFINITIONS = (
					"DEBUG=1",
					"$(inherited)",
				);
				GCC_SYMBOLS_PRIVATE_EXTERN = NO;
				GCC_WARN_64_TO_32_BIT_CONVERSION = YES;
				GCC_WARN_ABOUT_RETURN_TYPE = YES_ERROR;
				GCC_WARN_UNDECLARED_SELECTOR = YES;
				GCC_WARN_UNINITIALIZED_AUTOS = YES_AGGRESSIVE;
				GCC_WARN_UNUSED_FUNCTION = YES;
				GCC_WARN_UNUSED_VARIABLE = YES;
				IPHONEOS_DEPLOYMENT_TARGET = 7.0;
				MTL_ENABLE_DEBUG_INFO = YES;
				ONLY_ACTIVE_ARCH = YES;
				SDKROOT = iphoneos;
			};
			name = Debug;
		};
		A6744B3B1B720A2F00E222B0 /* Release */ = {
			isa = XCBuildConfiguration;
			buildSettings = {
				ALWAYS_SEARCH_USER_PATHS = NO;
				CLANG_CXX_LANGUAGE_STANDARD = "gnu++0x";
				CLANG_CXX_LIBRARY = "libc++";
				CLANG_ENABLE_MODULES = YES;
				CLANG_ENABLE_OBJC_ARC = YES;
				CLANG_WARN_BOOL_CONVERSION = YES;
				CLANG_WARN_CONSTANT_CONVERSION = YES;
				CLANG_WARN_DIRECT_OBJC_ISA_USAGE = YES_ERROR;
				CLANG_WARN_EMPTY_BODY = YES;
				CLANG_WARN_ENUM_CONVERSION = YES;
				CLANG_WARN_INT_CONVERSION = YES;
				CLANG_WARN_OBJC_ROOT_CLASS = YES_ERROR;
				CLANG_WARN_UNREACHABLE_CODE = YES;
				CLANG_WARN__DUPLICATE_METHOD_MATCH = YES;
				"CODE_SIGN_IDENTITY[sdk=iphoneos*]" = "iPhone Developer";
				COPY_PHASE_STRIP = NO;
				DEBUG_INFORMATION_FORMAT = "dwarf-with-dsym";
				ENABLE_NS_ASSERTIONS = NO;
				ENABLE_STRICT_OBJC_MSGSEND = YES;
				GCC_C_LANGUAGE_STANDARD = gnu99;
				GCC_NO_COMMON_BLOCKS = YES;
				GCC_WARN_64_TO_32_BIT_CONVERSION = YES;
				GCC_WARN_ABOUT_RETURN_TYPE = YES_ERROR;
				GCC_WARN_UNDECLARED_SELECTOR = YES;
				GCC_WARN_UNINITIALIZED_AUTOS = YES_AGGRESSIVE;
				GCC_WARN_UNUSED_FUNCTION = YES;
				GCC_WARN_UNUSED_VARIABLE = YES;
				IPHONEOS_DEPLOYMENT_TARGET = 7.0;
				MTL_ENABLE_DEBUG_INFO = NO;
				SDKROOT = iphoneos;
				VALIDATE_PRODUCT = YES;
			};
			name = Release;
		};
		A6744B3D1B720A2F00E222B0 /* Debug */ = {
			isa = XCBuildConfiguration;
			baseConfigurationReference = E11B0E56EDA10B479657BC11 /* Pods.debug.xcconfig */;
			buildSettings = {
				ASSETCATALOG_COMPILER_APPICON_NAME = AppIcon;
				CODE_SIGN_IDENTITY = "iPhone Developer";
				"CODE_SIGN_IDENTITY[sdk=iphoneos*]" = "iPhone Developer";
				INFOPLIST_FILE = Seals3Lab6/Info.plist;
				IPHONEOS_DEPLOYMENT_TARGET = 7.0;
				LD_RUNPATH_SEARCH_PATHS = "$(inherited) @executable_path/Frameworks";
				PRODUCT_NAME = "$(TARGET_NAME)";
				PROVISIONING_PROFILE = "";
				USER_HEADER_SEARCH_PATHS = "\"${PROJECT_DIR}/Pods\"/**";
			};
			name = Debug;
		};
		A6744B3E1B720A2F00E222B0 /* Release */ = {
			isa = XCBuildConfiguration;
			baseConfigurationReference = D827A10AAFE6857D3FD7E216 /* Pods.release.xcconfig */;
			buildSettings = {
				ASSETCATALOG_COMPILER_APPICON_NAME = AppIcon;
				CODE_SIGN_IDENTITY = "iPhone Developer";
				"CODE_SIGN_IDENTITY[sdk=iphoneos*]" = "iPhone Developer";
				INFOPLIST_FILE = Seals3Lab6/Info.plist;
				IPHONEOS_DEPLOYMENT_TARGET = 7.0;
				LD_RUNPATH_SEARCH_PATHS = "$(inherited) @executable_path/Frameworks";
				PRODUCT_NAME = "$(TARGET_NAME)";
				PROVISIONING_PROFILE = "";
				USER_HEADER_SEARCH_PATHS = "\"${PROJECT_DIR}/Pods\"/**";
			};
			name = Release;
		};
		A6744B401B720A2F00E222B0 /* Debug */ = {
			isa = XCBuildConfiguration;
			buildSettings = {
				BUNDLE_LOADER = "$(TEST_HOST)";
				FRAMEWORK_SEARCH_PATHS = (
					"$(SDKROOT)/Developer/Library/Frameworks",
					"$(inherited)",
				);
				GCC_PREPROCESSOR_DEFINITIONS = (
					"DEBUG=1",
					"$(inherited)",
				);
				INFOPLIST_FILE = Seals3Lab6Tests/Info.plist;
				LD_RUNPATH_SEARCH_PATHS = "$(inherited) @executable_path/Frameworks @loader_path/Frameworks";
				PRODUCT_NAME = "$(TARGET_NAME)";
				TEST_HOST = "$(BUILT_PRODUCTS_DIR)/Seals3Lab6.app/Seals3Lab6";
			};
			name = Debug;
		};
		A6744B411B720A2F00E222B0 /* Release */ = {
			isa = XCBuildConfiguration;
			buildSettings = {
				BUNDLE_LOADER = "$(TEST_HOST)";
				FRAMEWORK_SEARCH_PATHS = (
					"$(SDKROOT)/Developer/Library/Frameworks",
					"$(inherited)",
				);
				INFOPLIST_FILE = Seals3Lab6Tests/Info.plist;
				LD_RUNPATH_SEARCH_PATHS = "$(inherited) @executable_path/Frameworks @loader_path/Frameworks";
				PRODUCT_NAME = "$(TARGET_NAME)";
				TEST_HOST = "$(BUILT_PRODUCTS_DIR)/Seals3Lab6.app/Seals3Lab6";
			};
			name = Release;
		};
/* End XCBuildConfiguration section */

/* Begin XCConfigurationList section */
		A6744B111B720A2E00E222B0 /* Build configuration list for PBXProject "Seals3Lab6" */ = {
			isa = XCConfigurationList;
			buildConfigurations = (
				A6744B3A1B720A2F00E222B0 /* Debug */,
				A6744B3B1B720A2F00E222B0 /* Release */,
			);
			defaultConfigurationIsVisible = 0;
			defaultConfigurationName = Release;
		};
		A6744B3C1B720A2F00E222B0 /* Build configuration list for PBXNativeTarget "Seals3Lab6" */ = {
			isa = XCConfigurationList;
			buildConfigurations = (
				A6744B3D1B720A2F00E222B0 /* Debug */,
				A6744B3E1B720A2F00E222B0 /* Release */,
			);
			defaultConfigurationIsVisible = 0;
			defaultConfigurationName = Release;
		};
		A6744B3F1B720A2F00E222B0 /* Build configuration list for PBXNativeTarget "Seals3Lab6Tests" */ = {
			isa = XCConfigurationList;
			buildConfigurations = (
				A6744B401B720A2F00E222B0 /* Debug */,
				A6744B411B720A2F00E222B0 /* Release */,
			);
			defaultConfigurationIsVisible = 0;
			defaultConfigurationName = Release;
		};
/* End XCConfigurationList section */
	};
	rootObject = A6744B0E1B720A2E00E222B0 /* Project object */;
}
